// !$*UTF8*$!
{
	archiveVersion = 1;
	classes = {
	};
	objectVersion = 46;
	objects = {

/* Begin PBXBuildFile section */
		1E5857AAB0E6219C19BEC5EA /* Application.cpp in Sources */ = {isa = PBXBuildFile; fileRef = D2C86E3296342FE4D4D7D472 /* Application.cpp */; };
		6143A2A6D59DE798538170E6 /* PhysicsEngine.cpp in Sources */ = {isa = PBXBuildFile; fileRef = 75F2598E881C3640BC0D1FCE /* PhysicsEngine.cpp */; };
		6BACAB5039CFFF02C0DE5190 /* shader.cpp in Sources */ = {isa = PBXBuildFile; fileRef = 383552789376A5EA66D0F0B8 /* shader.cpp */; };
		A0B0480DB2DA24BFE6CB0E4D /* GameObject.cpp in Sources */ = {isa = PBXBuildFile; fileRef = EDD8D5F5E79A926721999435 /* GameObject.cpp */; };
		A2BC503C3B0935EE6950367C /* 2dRenderer.cpp in Sources */ = {isa = PBXBuildFile; fileRef = 9C6D0EA4E0BBB41622E2ECE4 /* 2dRenderer.cpp */; };
		A4BA02B98A5109EB4D9618F9 /* OpenGL.framework in Frameworks */ = {isa = PBXBuildFile; fileRef = F6AB85C150AC9CB317F39401 /* OpenGL.framework */; };
		A63900FE3E85E6B06CCCE73E /* 3dRenderer.cpp in Sources */ = {isa = PBXBuildFile; fileRef = 38DFFE467D2EA3B8BF55DC86 /* 3dRenderer.cpp */; };
		D8668B684CC0D05ACAA459A8 /* PhysicsObject.cpp in Sources */ = {isa = PBXBuildFile; fileRef = 5D871D306FB0F9E2A3A1E370 /* PhysicsObject.cpp */; };
/* End PBXBuildFile section */

/* Begin PBXFileReference section */
		03BEC4E935B80F9BAF974B29 /* Shape.hpp */ = {isa = PBXFileReference; lastKnownFileType = text; name = Shape.hpp; path = Projects/Entropy/Graphics/Shapes/Shape.hpp; sourceTree = "<group>"; };
		116E9B38239877EA57896178 /* PhysicsEngine.hpp */ = {isa = PBXFileReference; lastKnownFileType = text; name = PhysicsEngine.hpp; path = Projects/Entropy/Physics/PhysicsEngine.hpp; sourceTree = "<group>"; };
		3641930E7A903880BCB7714E /* 2dRenderer.hpp */ = {isa = PBXFileReference; lastKnownFileType = text; name = 2dRenderer.hpp; path = Projects/Entropy/Graphics/2dRenderer.hpp; sourceTree = "<group>"; };
		383552789376A5EA66D0F0B8 /* shader.cpp */ = {isa = PBXFileReference; lastKnownFileType = sourcecode.cpp.cpp; name = shader.cpp; path = Projects/Entropy/Graphics/shader.cpp; sourceTree = "<group>"; };
		38DFFE467D2EA3B8BF55DC86 /* 3dRenderer.cpp */ = {isa = PBXFileReference; lastKnownFileType = sourcecode.cpp.cpp; name = 3dRenderer.cpp; path = Projects/Entropy/Graphics/3dRenderer.cpp; sourceTree = "<group>"; };
		3F591D9C02C4DF4E416883DC /* Application.hpp */ = {isa = PBXFileReference; lastKnownFileType = text; name = Application.hpp; path = Projects/Entropy/Application.hpp; sourceTree = "<group>"; };
		5D871D306FB0F9E2A3A1E370 /* PhysicsObject.cpp */ = {isa = PBXFileReference; lastKnownFileType = sourcecode.cpp.cpp; name = PhysicsObject.cpp; path = Projects/Entropy/Physics/PhysicsObject.cpp; sourceTree = "<group>"; };
		6C707D7E9E69C830184903BE /* collision.hpp */ = {isa = PBXFileReference; lastKnownFileType = text; name = collision.hpp; path = Projects/Entropy/Physics/collision.hpp; sourceTree = "<group>"; };
		6EBACFDF687C8C51A27B8E1F /* GameObject.hpp */ = {isa = PBXFileReference; lastKnownFileType = text; name = GameObject.hpp; path = Projects/Entropy/Game/GameObject.hpp; sourceTree = "<group>"; };
		75F2598E881C3640BC0D1FCE /* PhysicsEngine.cpp */ = {isa = PBXFileReference; lastKnownFileType = sourcecode.cpp.cpp; name = PhysicsEngine.cpp; path = Projects/Entropy/Physics/PhysicsEngine.cpp; sourceTree = "<group>"; };
		9C6D0EA4E0BBB41622E2ECE4 /* 2dRenderer.cpp */ = {isa = PBXFileReference; lastKnownFileType = sourcecode.cpp.cpp; name = 2dRenderer.cpp; path = Projects/Entropy/Graphics/2dRenderer.cpp; sourceTree = "<group>"; };
		A8F6FB9393E32185DBC8E9D3 /* libEntropy.dylib */ = {isa = PBXFileReference; explicitFileType = "compiled.mach-o.dylib"; includeInIndex = 0; path = libEntropy.dylib; sourceTree = BUILT_PRODUCTS_DIR; };
		B9174C6214589FD4E7B2EAA2 /* shader.hpp */ = {isa = PBXFileReference; lastKnownFileType = text; name = shader.hpp; path = Projects/Entropy/Graphics/shader.hpp; sourceTree = "<group>"; };
		CDE0E5CA70CF0C7CFFF4EC0A /* .DS_Store */ = {isa = PBXFileReference; lastKnownFileType = text; name = .DS_Store; path = Projects/Entropy/.DS_Store; sourceTree = "<group>"; };
		CF1ADAF6F5410AA85C480136 /* Entropy.hpp */ = {isa = PBXFileReference; lastKnownFileType = text; name = Entropy.hpp; path = Projects/Entropy/Entropy.hpp; sourceTree = "<group>"; };
		D2B482B017032822592A60F0 /* 3dRenderer.hpp */ = {isa = PBXFileReference; lastKnownFileType = text; name = 3dRenderer.hpp; path = Projects/Entropy/Graphics/3dRenderer.hpp; sourceTree = "<group>"; };
		D2C86E3296342FE4D4D7D472 /* Application.cpp */ = {isa = PBXFileReference; lastKnownFileType = sourcecode.cpp.cpp; name = Application.cpp; path = Projects/Entropy/Application.cpp; sourceTree = "<group>"; };
		EDD8D5F5E79A926721999435 /* GameObject.cpp */ = {isa = PBXFileReference; lastKnownFileType = sourcecode.cpp.cpp; name = GameObject.cpp; path = Projects/Entropy/Game/GameObject.cpp; sourceTree = "<group>"; };
		F4B343FC3901E96E7B29223C /* Renderable.hpp */ = {isa = PBXFileReference; lastKnownFileType = text; name = Renderable.hpp; path = Projects/Entropy/Graphics/Renderable.hpp; sourceTree = "<group>"; };
		F6AB85C150AC9CB317F39401 /* OpenGL.framework */ = {isa = PBXFileReference; lastKnownFileType = wrapper.framework; name = OpenGL.framework; path = "System/Library/Frameworks//System/Library/Frameworks/OpenGL.framework"; sourceTree = SDKROOT; };
		F9035EDA0B2D3B8C3F1E251A /* PhysicsObject.hpp */ = {isa = PBXFileReference; lastKnownFileType = text; name = PhysicsObject.hpp; path = Projects/Entropy/Physics/PhysicsObject.hpp; sourceTree = "<group>"; };
/* End PBXFileReference section */

/* Begin PBXFrameworksBuildPhase section */
		FECC1F83FF7F1C757360EDC3 /* Frameworks */ = {
			isa = PBXFrameworksBuildPhase;
			buildActionMask = 2147483647;
			files = (
				A4BA02B98A5109EB4D9618F9 /* OpenGL.framework in Frameworks */,
			);
			runOnlyForDeploymentPostprocessing = 0;
		};
/* End PBXFrameworksBuildPhase section */

/* Begin PBXGroup section */
		2183102A24F3E25CA660866A /* Graphics */ = {
			isa = PBXGroup;
			children = (
				9C6D0EA4E0BBB41622E2ECE4 /* 2dRenderer.cpp */,
				3641930E7A903880BCB7714E /* 2dRenderer.hpp */,
				38DFFE467D2EA3B8BF55DC86 /* 3dRenderer.cpp */,
				D2B482B017032822592A60F0 /* 3dRenderer.hpp */,
				F4B343FC3901E96E7B29223C /* Renderable.hpp */,
				FCCE70F0F6347262E9CFCF30 /* Shapes */,
				383552789376A5EA66D0F0B8 /* shader.cpp */,
				B9174C6214589FD4E7B2EAA2 /* shader.hpp */,
			);
			name = Graphics;
			sourceTree = "<group>";
		};
		52E56BEEF73809A00970522E /* Physics */ = {
			isa = PBXGroup;
			children = (
				75F2598E881C3640BC0D1FCE /* PhysicsEngine.cpp */,
				116E9B38239877EA57896178 /* PhysicsEngine.hpp */,
				5D871D306FB0F9E2A3A1E370 /* PhysicsObject.cpp */,
				F9035EDA0B2D3B8C3F1E251A /* PhysicsObject.hpp */,
				6C707D7E9E69C830184903BE /* collision.hpp */,
			);
			name = Physics;
			sourceTree = "<group>";
		};
		A6C936B49B3FADE6EA134CF4 /* Products */ = {
			isa = PBXGroup;
			children = (
				A8F6FB9393E32185DBC8E9D3 /* libEntropy.dylib */,
			);
			name = Products;
			sourceTree = "<group>";
		};
		BBF76781A7E87333FA200DC1 /* Frameworks */ = {
			isa = PBXGroup;
			children = (
				F6AB85C150AC9CB317F39401 /* OpenGL.framework */,
			);
			name = Frameworks;
			sourceTree = "<group>";
		};
		D6B9B77C831C77AE41A4EDBC /* Game */ = {
			isa = PBXGroup;
			children = (
				EDD8D5F5E79A926721999435 /* GameObject.cpp */,
				6EBACFDF687C8C51A27B8E1F /* GameObject.hpp */,
			);
			name = Game;
			sourceTree = "<group>";
		};
		E3616ED1766CC7C3BEA1BD11 /* Entropy */ = {
			isa = PBXGroup;
			children = (
				CDE0E5CA70CF0C7CFFF4EC0A /* .DS_Store */,
				D2C86E3296342FE4D4D7D472 /* Application.cpp */,
				3F591D9C02C4DF4E416883DC /* Application.hpp */,
				CF1ADAF6F5410AA85C480136 /* Entropy.hpp */,
				D6B9B77C831C77AE41A4EDBC /* Game */,
				2183102A24F3E25CA660866A /* Graphics */,
				52E56BEEF73809A00970522E /* Physics */,
				BBF76781A7E87333FA200DC1 /* Frameworks */,
				A6C936B49B3FADE6EA134CF4 /* Products */,
			);
			name = Entropy;
			sourceTree = "<group>";
		};
		FCCE70F0F6347262E9CFCF30 /* Shapes */ = {
			isa = PBXGroup;
			children = (
				03BEC4E935B80F9BAF974B29 /* Shape.hpp */,
			);
			name = Shapes;
			sourceTree = "<group>";
		};
/* End PBXGroup section */

/* Begin PBXNativeTarget section */
		E8342D190E5A5CCB75615359 /* Entropy */ = {
			isa = PBXNativeTarget;
			buildConfigurationList = ED0767E2EDBA64D4619C3622 /* Build configuration list for PBXNativeTarget "Entropy" */;
			buildPhases = (
				6EB3A0236F669D15E3486E63 /* Resources */,
				D860B97AD913B66C4CF587BA /* Sources */,
				FECC1F83FF7F1C757360EDC3 /* Frameworks */,
			);
			buildRules = (
			);
			dependencies = (
			);
			name = Entropy;
			productName = Entropy;
			productReference = A8F6FB9393E32185DBC8E9D3 /* libEntropy.dylib */;
			productType = "com.apple.product-type.library.dynamic";
		};
/* End PBXNativeTarget section */

/* Begin PBXProject section */
		08FB7793FE84155DC02AAC07 /* Project object */ = {
			isa = PBXProject;
			attributes = {
			};
			buildConfigurationList = 1DEB928908733DD80010E9CD /* Build configuration list for PBXProject "Entropy" */;
			compatibilityVersion = "Xcode 3.2";
			developmentRegion = en;
			hasScannedForEncodings = 1;
			knownRegions = (
				en,
				Base,
			);
			mainGroup = E3616ED1766CC7C3BEA1BD11 /* Entropy */;
			projectDirPath = "";
			projectRoot = "";
			targets = (
				E8342D190E5A5CCB75615359 /* Entropy */,
			);
		};
/* End PBXProject section */

/* Begin PBXResourcesBuildPhase section */
		6EB3A0236F669D15E3486E63 /* Resources */ = {
			isa = PBXResourcesBuildPhase;
			buildActionMask = 2147483647;
			files = (
			);
			runOnlyForDeploymentPostprocessing = 0;
		};
/* End PBXResourcesBuildPhase section */

/* Begin PBXSourcesBuildPhase section */
		D860B97AD913B66C4CF587BA /* Sources */ = {
			isa = PBXSourcesBuildPhase;
			buildActionMask = 2147483647;
			files = (
				1E5857AAB0E6219C19BEC5EA /* Application.cpp in Sources */,
				A0B0480DB2DA24BFE6CB0E4D /* GameObject.cpp in Sources */,
				A2BC503C3B0935EE6950367C /* 2dRenderer.cpp in Sources */,
				A63900FE3E85E6B06CCCE73E /* 3dRenderer.cpp in Sources */,
				6BACAB5039CFFF02C0DE5190 /* shader.cpp in Sources */,
				6143A2A6D59DE798538170E6 /* PhysicsEngine.cpp in Sources */,
				D8668B684CC0D05ACAA459A8 /* PhysicsObject.cpp in Sources */,
			);
			runOnlyForDeploymentPostprocessing = 0;
		};
/* End PBXSourcesBuildPhase section */

/* Begin XCBuildConfiguration section */
		1F5E04A2191FC114531EC2E2 /* Release */ = {
			isa = XCBuildConfiguration;
			buildSettings = {
				ALWAYS_SEARCH_USER_PATHS = NO;
				CONFIGURATION_BUILD_DIR = "";
				DEBUG_INFORMATION_FORMAT = "dwarf-with-dsym";
				EXECUTABLE_PREFIX = lib;
				GCC_DYNAMIC_NO_PIC = NO;
				INSTALL_PATH = /usr/local/lib;
				PRODUCT_NAME = Entropy;
			};
			name = Release;
		};
		46045FA876E8579A8A008DE8 /* Debug */ = {
			isa = XCBuildConfiguration;
			buildSettings = {
				ALWAYS_SEARCH_USER_PATHS = NO;
				CONFIGURATION_BUILD_DIR = "";
				DEBUG_INFORMATION_FORMAT = "dwarf-with-dsym";
				EXECUTABLE_PREFIX = lib;
				GCC_DYNAMIC_NO_PIC = NO;
				INSTALL_PATH = /usr/local/lib;
				PRODUCT_NAME = Entropy;
			};
			name = Debug;
		};
		CE9B1A8071E6A3B28CB770C0 /* Debug */ = {
			isa = XCBuildConfiguration;
			buildSettings = {
				ARCHS = "$(NATIVE_ARCH_ACTUAL)";
				CLANG_CXX_LANGUAGE_STANDARD = "c++1z";
				CONFIGURATION_TEMP_DIR = "$(OBJROOT)";
				COPY_PHASE_STRIP = NO;
				GCC_ENABLE_FIX_AND_CONTINUE = YES;
				GCC_OPTIMIZATION_LEVEL = 0;
				GCC_SYMBOLS_PRIVATE_EXTERN = NO;
				GCC_WARN_ABOUT_RETURN_TYPE = YES;
				GCC_WARN_UNUSED_VARIABLE = YES;
				LIBRARY_SEARCH_PATHS = Libraries/GLFW/Lib;
				OBJROOT = Build/Obj/Entropy/Debug;
				ONLY_ACTIVE_ARCH = YES;
				OTHER_CFLAGS = "-Wdeprecated-declarations";
				OTHER_LDFLAGS = "-lglfw";
				USER_HEADER_SEARCH_PATHS = "Libraries/GLFW/Include Libraries";
			};
			name = Debug;
		};
		D63394BA7A86326C8CBE7AFA /* Release */ = {
			isa = XCBuildConfiguration;
			buildSettings = {
				ARCHS = "$(NATIVE_ARCH_ACTUAL)";
				CLANG_CXX_LANGUAGE_STANDARD = "c++1z";
				CONFIGURATION_TEMP_DIR = "$(OBJROOT)";
				GCC_ENABLE_FIX_AND_CONTINUE = YES;
				GCC_OPTIMIZATION_LEVEL = 3;
				GCC_SYMBOLS_PRIVATE_EXTERN = NO;
				GCC_WARN_ABOUT_RETURN_TYPE = YES;
				GCC_WARN_UNUSED_VARIABLE = YES;
				LIBRARY_SEARCH_PATHS = Libraries/GLFW/Lib;
				OBJROOT = Build/Obj/Entropy/Release;
				ONLY_ACTIVE_ARCH = NO;
				OTHER_CFLAGS = "-Wdeprecated-declarations";
				OTHER_LDFLAGS = "-lglfw";
				USER_HEADER_SEARCH_PATHS = "Libraries/GLFW/Include Libraries";
			};
			name = Release;
		};
/* End XCBuildConfiguration section */

/* Begin XCConfigurationList section */
		1DEB928908733DD80010E9CD /* Build configuration list for PBXProject "Entropy" */ = {
			isa = XCConfigurationList;
			buildConfigurations = (
				CE9B1A8071E6A3B28CB770C0 /* Debug */,
				D63394BA7A86326C8CBE7AFA /* Release */,
			);
			defaultConfigurationIsVisible = 0;
			defaultConfigurationName = Debug;
		};
		ED0767E2EDBA64D4619C3622 /* Build configuration list for PBXNativeTarget "Entropy" */ = {
			isa = XCConfigurationList;
			buildConfigurations = (
				46045FA876E8579A8A008DE8 /* Debug */,
				1F5E04A2191FC114531EC2E2 /* Release */,
			);
			defaultConfigurationIsVisible = 0;
			defaultConfigurationName = Debug;
		};
/* End XCConfigurationList section */
	};
	rootObject = 08FB7793FE84155DC02AAC07 /* Project object */;
}
